
Microsoft Visual Studio Solution File, Format Version 12.00
# Visual Studio Version 17
VisualStudioVersion = 17.2.32630.192
MinimumVisualStudioVersion = 10.0.40219.1
Project("{FAE04EC0-301F-11D3-BF4B-00C04F79EFBC}") = "BankEncapsulation", "BankEncapsulation\BankEncapsulation.csproj", "{15AD86C8-E8FE-4593-B9C6-F8AAA88038A4}"
EndProject
Global
	GlobalSection(SolutionConfigurationPlatforms) = preSolution
		Debug|Any CPU = Debug|Any CPU
		Release|Any CPU = Release|Any CPU
	EndGlobalSection
	GlobalSection(ProjectConfigurationPlatforms) = postSolution
		{15AD86C8-E8FE-4593-B9C6-F8AAA88038A4}.Debug|Any CPU.ActiveCfg = Debug|Any CPU
		{15AD86C8-E8FE-4593-B9C6-F8AAA88038A4}.Debug|Any CPU.Build.0 = Debug|Any CPU
		{15AD86C8-E8FE-4593-B9C6-F8AAA88038A4}.Release|Any CPU.ActiveCfg = Release|Any CPU
		{15AD86C8-E8FE-4593-B9C6-F8AAA88038A4}.Release|Any CPU.Build.0 = Release|Any CPU
	EndGlobalSection
	GlobalSection(SolutionProperties) = preSolution
		HideSolutionNode = FALSE
	EndGlobalSection
	GlobalSection(ExtensibilityGlobals) = postSolution
		SolutionGuid = {6E0857EB-9A4C-481E-98D4-0A3981D287F3}
	EndGlobalSection
EndGlobal
